
Microsoft Visual Studio Solution File, Format Version 12.00
# Visual Studio Version 17
VisualStudioVersion = 17.0.31903.59
MinimumVisualStudioVersion = 10.0.40219.1
Project("{FAE04EC0-301F-11D3-BF4B-00C04F79EFBC}") = "CSPingPong", "PingPong\CSPingPong\CSPingPong.csproj", "{9E74F7B0-6FD0-43A1-A5EE-41C5743E91C0}"
EndProject
Project("{2150E333-8FDC-42A3-9474-1A3956D46DE8}") = "PingPong", "PingPong", "{28BD3796-C673-4EC9-B7D5-A000DF148A0B}"
EndProject
Project("{F2A71F9B-5D33-465A-A702-920D77279786}") = "FSPingPong", "PingPong\FSPingPong\FSPingPong.fsproj", "{009E9A1F-7E15-4A16-BBB0-DC0A16020420}"
EndProject
Project("{2150E333-8FDC-42A3-9474-1A3956D46DE8}") = "Sum", "Sum", "{9846BE5C-D231-47BC-898E-B7B08D05A431}"
EndProject
Project("{2150E333-8FDC-42A3-9474-1A3956D46DE8}") = "CS", "CS", "{89FB33B5-A7E6-4D9E-8D1E-C0728D292113}"
EndProject
Project("{FAE04EC0-301F-11D3-BF4B-00C04F79EFBC}") = "CSSumStep1", "Sum\CS\CSSumStep1\CSSumStep1.csproj", "{14DDA4C4-9B90-497C-ACE3-369E4BD4F97D}"
EndProject
Project("{FAE04EC0-301F-11D3-BF4B-00C04F79EFBC}") = "CSSumStep2", "Sum\CS\CSSumStep2\CSSumStep2.csproj", "{49EFE621-5774-411F-9345-E343E3B1C068}"
EndProject
Project("{2150E333-8FDC-42A3-9474-1A3956D46DE8}") = "FS", "FS", "{48CE91A8-F171-41EE-86FD-EFC1C5A1E2ED}"
EndProject
Project("{F2A71F9B-5D33-465A-A702-920D77279786}") = "FSSumStep1", "Sum\FS\FSSumStep1\FSSumStep1.fsproj", "{87F0F578-B9E7-41C1-8BCF-0F95F4676931}"
EndProject
Project("{F2A71F9B-5D33-465A-A702-920D77279786}") = "FSSumStep2", "Sum\FS\FSSumStep2\FSSumStep2.fsproj", "{210489F1-A8A8-4A5D-887D-78F94169E391}"
EndProject
Project("{FAE04EC0-301F-11D3-BF4B-00C04F79EFBC}") = "CSSumStep3", "Sum\CS\CSSumStep3\CSSumStep3.csproj", "{AE49F992-4281-4EB0-A31F-7C135DA17577}"
EndProject
Project("{FAE04EC0-301F-11D3-BF4B-00C04F79EFBC}") = "CSSumStep4", "Sum\CS\CSSumStep4\CSSumStep4.csproj", "{73E62835-61BC-4CE5-8CE6-9393CBED9C8D}"
EndProject
Project("{FAE04EC0-301F-11D3-BF4B-00C04F79EFBC}") = "CSSumStep5", "Sum\CS\CSSumStep5\CSSumStep5.csproj", "{41C7E882-A402-4ADF-AC52-8A1A037BBDF4}"
EndProject
Project("{F2A71F9B-5D33-465A-A702-920D77279786}") = "FSSumStep3", "Sum\FS\FSSumStep3\FSSumStep3.fsproj", "{DF4ACBEB-5432-43E1-9B7C-4BDF5231B991}"
EndProject
Project("{FAE04EC0-301F-11D3-BF4B-00C04F79EFBC}") = "CSSumTrampolining", "Sum\CS\CSSumTrampolining\CSSumTrampolining.csproj", "{DF516FBA-EFBD-4791-9992-A4AF06ECD77B}"
EndProject
Project("{FAE04EC0-301F-11D3-BF4B-00C04F79EFBC}") = "CSSumCPS", "Sum\CS\CSSumCPS\CSSumCPS.csproj", "{37FE2F66-783A-45E2-8D77-DAB016F8F004}"
EndProject
Project("{F2A71F9B-5D33-465A-A702-920D77279786}") = "FSSumCPS", "Sum\FS\FSSumCPS\FSSumCPS.fsproj", "{FBE6B909-01DC-4654-9F91-27F7A6A15D72}"
EndProject
Global
	GlobalSection(SolutionConfigurationPlatforms) = preSolution
		Debug|Any CPU = Debug|Any CPU
		Release|Any CPU = Release|Any CPU
	EndGlobalSection
	GlobalSection(SolutionProperties) = preSolution
		HideSolutionNode = FALSE
	EndGlobalSection
	GlobalSection(ProjectConfigurationPlatforms) = postSolution
		{9E74F7B0-6FD0-43A1-A5EE-41C5743E91C0}.Debug|Any CPU.ActiveCfg = Debug|Any CPU
		{9E74F7B0-6FD0-43A1-A5EE-41C5743E91C0}.Debug|Any CPU.Build.0 = Debug|Any CPU
		{9E74F7B0-6FD0-43A1-A5EE-41C5743E91C0}.Release|Any CPU.ActiveCfg = Release|Any CPU
		{9E74F7B0-6FD0-43A1-A5EE-41C5743E91C0}.Release|Any CPU.Build.0 = Release|Any CPU
		{009E9A1F-7E15-4A16-BBB0-DC0A16020420}.Debug|Any CPU.ActiveCfg = Debug|Any CPU
		{009E9A1F-7E15-4A16-BBB0-DC0A16020420}.Debug|Any CPU.Build.0 = Debug|Any CPU
		{009E9A1F-7E15-4A16-BBB0-DC0A16020420}.Release|Any CPU.ActiveCfg = Release|Any CPU
		{009E9A1F-7E15-4A16-BBB0-DC0A16020420}.Release|Any CPU.Build.0 = Release|Any CPU
		{14DDA4C4-9B90-497C-ACE3-369E4BD4F97D}.Debug|Any CPU.ActiveCfg = Debug|Any CPU
		{14DDA4C4-9B90-497C-ACE3-369E4BD4F97D}.Debug|Any CPU.Build.0 = Debug|Any CPU
		{14DDA4C4-9B90-497C-ACE3-369E4BD4F97D}.Release|Any CPU.ActiveCfg = Release|Any CPU
		{14DDA4C4-9B90-497C-ACE3-369E4BD4F97D}.Release|Any CPU.Build.0 = Release|Any CPU
		{49EFE621-5774-411F-9345-E343E3B1C068}.Debug|Any CPU.ActiveCfg = Debug|Any CPU
		{49EFE621-5774-411F-9345-E343E3B1C068}.Debug|Any CPU.Build.0 = Debug|Any CPU
		{49EFE621-5774-411F-9345-E343E3B1C068}.Release|Any CPU.ActiveCfg = Release|Any CPU
		{49EFE621-5774-411F-9345-E343E3B1C068}.Release|Any CPU.Build.0 = Release|Any CPU
		{87F0F578-B9E7-41C1-8BCF-0F95F4676931}.Debug|Any CPU.ActiveCfg = Debug|Any CPU
		{87F0F578-B9E7-41C1-8BCF-0F95F4676931}.Debug|Any CPU.Build.0 = Debug|Any CPU
		{87F0F578-B9E7-41C1-8BCF-0F95F4676931}.Release|Any CPU.ActiveCfg = Release|Any CPU
		{87F0F578-B9E7-41C1-8BCF-0F95F4676931}.Release|Any CPU.Build.0 = Release|Any CPU
		{210489F1-A8A8-4A5D-887D-78F94169E391}.Debug|Any CPU.ActiveCfg = Debug|Any CPU
		{210489F1-A8A8-4A5D-887D-78F94169E391}.Debug|Any CPU.Build.0 = Debug|Any CPU
		{210489F1-A8A8-4A5D-887D-78F94169E391}.Release|Any CPU.ActiveCfg = Release|Any CPU
		{210489F1-A8A8-4A5D-887D-78F94169E391}.Release|Any CPU.Build.0 = Release|Any CPU
		{AE49F992-4281-4EB0-A31F-7C135DA17577}.Debug|Any CPU.ActiveCfg = Debug|Any CPU
		{AE49F992-4281-4EB0-A31F-7C135DA17577}.Debug|Any CPU.Build.0 = Debug|Any CPU
		{AE49F992-4281-4EB0-A31F-7C135DA17577}.Release|Any CPU.ActiveCfg = Release|Any CPU
		{AE49F992-4281-4EB0-A31F-7C135DA17577}.Release|Any CPU.Build.0 = Release|Any CPU
		{73E62835-61BC-4CE5-8CE6-9393CBED9C8D}.Debug|Any CPU.ActiveCfg = Debug|Any CPU
		{73E62835-61BC-4CE5-8CE6-9393CBED9C8D}.Debug|Any CPU.Build.0 = Debug|Any CPU
		{73E62835-61BC-4CE5-8CE6-9393CBED9C8D}.Release|Any CPU.ActiveCfg = Release|Any CPU
		{73E62835-61BC-4CE5-8CE6-9393CBED9C8D}.Release|Any CPU.Build.0 = Release|Any CPU
		{41C7E882-A402-4ADF-AC52-8A1A037BBDF4}.Debug|Any CPU.ActiveCfg = Debug|Any CPU
		{41C7E882-A402-4ADF-AC52-8A1A037BBDF4}.Debug|Any CPU.Build.0 = Debug|Any CPU
		{41C7E882-A402-4ADF-AC52-8A1A037BBDF4}.Release|Any CPU.ActiveCfg = Release|Any CPU
		{41C7E882-A402-4ADF-AC52-8A1A037BBDF4}.Release|Any CPU.Build.0 = Release|Any CPU
		{DF4ACBEB-5432-43E1-9B7C-4BDF5231B991}.Debug|Any CPU.ActiveCfg = Debug|Any CPU
		{DF4ACBEB-5432-43E1-9B7C-4BDF5231B991}.Debug|Any CPU.Build.0 = Debug|Any CPU
		{DF4ACBEB-5432-43E1-9B7C-4BDF5231B991}.Release|Any CPU.ActiveCfg = Release|Any CPU
		{DF4ACBEB-5432-43E1-9B7C-4BDF5231B991}.Release|Any CPU.Build.0 = Release|Any CPU
		{DF516FBA-EFBD-4791-9992-A4AF06ECD77B}.Debug|Any CPU.ActiveCfg = Debug|Any CPU
		{DF516FBA-EFBD-4791-9992-A4AF06ECD77B}.Debug|Any CPU.Build.0 = Debug|Any CPU
		{DF516FBA-EFBD-4791-9992-A4AF06ECD77B}.Release|Any CPU.ActiveCfg = Release|Any CPU
		{DF516FBA-EFBD-4791-9992-A4AF06ECD77B}.Release|Any CPU.Build.0 = Release|Any CPU
		{37FE2F66-783A-45E2-8D77-DAB016F8F004}.Debug|Any CPU.ActiveCfg = Debug|Any CPU
		{37FE2F66-783A-45E2-8D77-DAB016F8F004}.Debug|Any CPU.Build.0 = Debug|Any CPU
		{37FE2F66-783A-45E2-8D77-DAB016F8F004}.Release|Any CPU.ActiveCfg = Release|Any CPU
		{37FE2F66-783A-45E2-8D77-DAB016F8F004}.Release|Any CPU.Build.0 = Release|Any CPU
		{FBE6B909-01DC-4654-9F91-27F7A6A15D72}.Debug|Any CPU.ActiveCfg = Debug|Any CPU
		{FBE6B909-01DC-4654-9F91-27F7A6A15D72}.Debug|Any CPU.Build.0 = Debug|Any CPU
		{FBE6B909-01DC-4654-9F91-27F7A6A15D72}.Release|Any CPU.ActiveCfg = Release|Any CPU
		{FBE6B909-01DC-4654-9F91-27F7A6A15D72}.Release|Any CPU.Build.0 = Release|Any CPU
	EndGlobalSection
	GlobalSection(NestedProjects) = preSolution
		{9E74F7B0-6FD0-43A1-A5EE-41C5743E91C0} = {28BD3796-C673-4EC9-B7D5-A000DF148A0B}
		{009E9A1F-7E15-4A16-BBB0-DC0A16020420} = {28BD3796-C673-4EC9-B7D5-A000DF148A0B}
		{89FB33B5-A7E6-4D9E-8D1E-C0728D292113} = {9846BE5C-D231-47BC-898E-B7B08D05A431}
		{14DDA4C4-9B90-497C-ACE3-369E4BD4F97D} = {89FB33B5-A7E6-4D9E-8D1E-C0728D292113}
		{49EFE621-5774-411F-9345-E343E3B1C068} = {89FB33B5-A7E6-4D9E-8D1E-C0728D292113}
		{48CE91A8-F171-41EE-86FD-EFC1C5A1E2ED} = {9846BE5C-D231-47BC-898E-B7B08D05A431}
		{87F0F578-B9E7-41C1-8BCF-0F95F4676931} = {48CE91A8-F171-41EE-86FD-EFC1C5A1E2ED}
		{210489F1-A8A8-4A5D-887D-78F94169E391} = {48CE91A8-F171-41EE-86FD-EFC1C5A1E2ED}
		{AE49F992-4281-4EB0-A31F-7C135DA17577} = {89FB33B5-A7E6-4D9E-8D1E-C0728D292113}
		{73E62835-61BC-4CE5-8CE6-9393CBED9C8D} = {89FB33B5-A7E6-4D9E-8D1E-C0728D292113}
		{41C7E882-A402-4ADF-AC52-8A1A037BBDF4} = {89FB33B5-A7E6-4D9E-8D1E-C0728D292113}
		{DF4ACBEB-5432-43E1-9B7C-4BDF5231B991} = {48CE91A8-F171-41EE-86FD-EFC1C5A1E2ED}
		{DF516FBA-EFBD-4791-9992-A4AF06ECD77B} = {89FB33B5-A7E6-4D9E-8D1E-C0728D292113}
		{37FE2F66-783A-45E2-8D77-DAB016F8F004} = {89FB33B5-A7E6-4D9E-8D1E-C0728D292113}
		{FBE6B909-01DC-4654-9F91-27F7A6A15D72} = {48CE91A8-F171-41EE-86FD-EFC1C5A1E2ED}
	EndGlobalSection
EndGlobal
